
Microsoft Visual Studio Solution File, Format Version 12.00
# Visual Studio Version 17
VisualStudioVersion = 17.6.33829.357
MinimumVisualStudioVersion = 10.0.40219.1
Project("{9A19103F-16F7-4668-BE54-9A1E7A4F7556}") = "1_abstract_sealed", "csharp_day_05\1_abstract_sealed.csproj", "{351A6979-04F0-417B-80D8-CBB37016D1A4}"
EndProject
Project("{9A19103F-16F7-4668-BE54-9A1E7A4F7556}") = "2_polymorphism", "2_polymorphism\2_polymorphism.csproj", "{29460DDC-2F0E-403A-A91D-9C9DB2BC7B9E}"
EndProject
Project("{9A19103F-16F7-4668-BE54-9A1E7A4F7556}") = "3_customException", "3_customException\3_customException.csproj", "{CAB8968E-85CA-4C23-928B-961F25619532}"
EndProject
Project("{9A19103F-16F7-4668-BE54-9A1E7A4F7556}") = "4_extensionMethod", "4_extensionMethood\4_extensionMethod.csproj", "{8C86ED9E-37DD-4101-B1C9-D53A0394D047}"
EndProject
Project("{FAE04EC0-301F-11D3-BF4B-00C04F79EFBC}") = "Challenge", "Challenge\Challenge.csproj", "{F24BFF24-EA34-47C8-A46D-21C0C46C70CC}"
EndProject
Global
	GlobalSection(SolutionConfigurationPlatforms) = preSolution
		Debug|Any CPU = Debug|Any CPU
		Release|Any CPU = Release|Any CPU
	EndGlobalSection
	GlobalSection(ProjectConfigurationPlatforms) = postSolution
		{351A6979-04F0-417B-80D8-CBB37016D1A4}.Debug|Any CPU.ActiveCfg = Debug|Any CPU
		{351A6979-04F0-417B-80D8-CBB37016D1A4}.Debug|Any CPU.Build.0 = Debug|Any CPU
		{351A6979-04F0-417B-80D8-CBB37016D1A4}.Release|Any CPU.ActiveCfg = Release|Any CPU
		{351A6979-04F0-417B-80D8-CBB37016D1A4}.Release|Any CPU.Build.0 = Release|Any CPU
		{29460DDC-2F0E-403A-A91D-9C9DB2BC7B9E}.Debug|Any CPU.ActiveCfg = Debug|Any CPU
		{29460DDC-2F0E-403A-A91D-9C9DB2BC7B9E}.Debug|Any CPU.Build.0 = Debug|Any CPU
		{29460DDC-2F0E-403A-A91D-9C9DB2BC7B9E}.Release|Any CPU.ActiveCfg = Release|Any CPU
		{29460DDC-2F0E-403A-A91D-9C9DB2BC7B9E}.Release|Any CPU.Build.0 = Release|Any CPU
		{CAB8968E-85CA-4C23-928B-961F25619532}.Debug|Any CPU.ActiveCfg = Debug|Any CPU
		{CAB8968E-85CA-4C23-928B-961F25619532}.Debug|Any CPU.Build.0 = Debug|Any CPU
		{CAB8968E-85CA-4C23-928B-961F25619532}.Release|Any CPU.ActiveCfg = Release|Any CPU
		{CAB8968E-85CA-4C23-928B-961F25619532}.Release|Any CPU.Build.0 = Release|Any CPU
		{8C86ED9E-37DD-4101-B1C9-D53A0394D047}.Debug|Any CPU.ActiveCfg = Debug|Any CPU
		{8C86ED9E-37DD-4101-B1C9-D53A0394D047}.Debug|Any CPU.Build.0 = Debug|Any CPU
		{8C86ED9E-37DD-4101-B1C9-D53A0394D047}.Release|Any CPU.ActiveCfg = Release|Any CPU
		{8C86ED9E-37DD-4101-B1C9-D53A0394D047}.Release|Any CPU.Build.0 = Release|Any CPU
		{F24BFF24-EA34-47C8-A46D-21C0C46C70CC}.Debug|Any CPU.ActiveCfg = Debug|Any CPU
		{F24BFF24-EA34-47C8-A46D-21C0C46C70CC}.Debug|Any CPU.Build.0 = Debug|Any CPU
		{F24BFF24-EA34-47C8-A46D-21C0C46C70CC}.Release|Any CPU.ActiveCfg = Release|Any CPU
		{F24BFF24-EA34-47C8-A46D-21C0C46C70CC}.Release|Any CPU.Build.0 = Release|Any CPU
	EndGlobalSection
	GlobalSection(SolutionProperties) = preSolution
		HideSolutionNode = FALSE
	EndGlobalSection
	GlobalSection(ExtensibilityGlobals) = postSolution
		SolutionGuid = {FF2E1DBB-014F-4604-BAE5-5593E15867F3}
	EndGlobalSection
EndGlobal
